{
  "originHash" : "d6bb7b4cbf3954e46c87c1c125d6d0d90c35e6886d216626842affc331f3999c",
  "pins" : [
    {
      "identity" : "wwtextmarquee",
      "kind" : "remoteSourceControl",
      "location" : "https://github.com/William-Weng/WWTextMarquee",
      "state" : {
        "revision" : "f2242e23903b3fb777a235e3cd08bfa080268491",
        "version" : "1.0.0"
      }
    },
    {
      "identity" : "wwtextrasterizer",
      "kind" : "remoteSourceControl",
      "location" : "https://github.com/William-Weng/WWTextRasterizer",
      "state" : {
        "revision" : "23e1163e6edf634d76cd7e95807a0973c76099e2",
        "version" : "1.2.0"
      }
    }
  ],
  "version" : 3
}
